
Microsoft Visual Studio Solution File, Format Version 12.00
# Visual Studio Version 17
VisualStudioVersion = 17.2.32519.379
MinimumVisualStudioVersion = 10.0.40219.1
Project("{9A19103F-16F7-4668-BE54-9A1E7A4F7556}") = "TimerFunction", "MyCompanyTutorial\TimerFunction.csproj", "{D320C114-2C9F-4F44-A3E8-5F5067AEC635}"
EndProject
Global
	GlobalSection(SolutionConfigurationPlatforms) = preSolution
		Debug|Any CPU = Debug|Any CPU
		Release|Any CPU = Release|Any CPU
	EndGlobalSection
	GlobalSection(ProjectConfigurationPlatforms) = postSolution
		{D320C114-2C9F-4F44-A3E8-5F5067AEC635}.Debug|Any CPU.ActiveCfg = Debug|Any CPU
		{D320C114-2C9F-4F44-A3E8-5F5067AEC635}.Debug|Any CPU.Build.0 = Debug|Any CPU
		{D320C114-2C9F-4F44-A3E8-5F5067AEC635}.Release|Any CPU.ActiveCfg = Release|Any CPU
		{D320C114-2C9F-4F44-A3E8-5F5067AEC635}.Release|Any CPU.Build.0 = Release|Any CPU
	EndGlobalSection
	GlobalSection(SolutionProperties) = preSolution
		HideSolutionNode = FALSE
	EndGlobalSection
	GlobalSection(ExtensibilityGlobals) = postSolution
		SolutionGuid = {613DAA1B-5B7A-4C96-8BD9-E041C1ACE64D}
	EndGlobalSection
EndGlobal
